
Microsoft Visual Studio Solution File, Format Version 12.00
# Visual Studio 14
VisualStudioVersion = 14.0.25123.0
MinimumVisualStudioVersion = 10.0.40219.1
Project("{FAE04EC0-301F-11D3-BF4B-00C04F79EFBC}") = "Titanfall2ModdingLibrary", "Titanfall2ModdingLibrary\Titanfall2ModdingLibrary.csproj", "{5CCDC27E-CD3C-41EE-9124-B8663DF4800F}"
EndProject
Project("{FAE04EC0-301F-11D3-BF4B-00C04F79EFBC}") = "EditWeapons", "EditWeapons\EditWeapons.csproj", "{BD3839C6-85B1-4A07-956A-31B200D0B5F8}"
EndProject
Global
	GlobalSection(SolutionConfigurationPlatforms) = preSolution
		Debug|Any CPU = Debug|Any CPU
		Debug|x64 = Debug|x64
		Debug|x86 = Debug|x86
		Release|Any CPU = Release|Any CPU
		Release|x64 = Release|x64
		Release|x86 = Release|x86
	EndGlobalSection
	GlobalSection(ProjectConfigurationPlatforms) = postSolution
		{5CCDC27E-CD3C-41EE-9124-B8663DF4800F}.Debug|Any CPU.ActiveCfg = Debug|Any CPU
		{5CCDC27E-CD3C-41EE-9124-B8663DF4800F}.Debug|Any CPU.Build.0 = Debug|Any CPU
		{5CCDC27E-CD3C-41EE-9124-B8663DF4800F}.Debug|x64.ActiveCfg = Debug|x64
		{5CCDC27E-CD3C-41EE-9124-B8663DF4800F}.Debug|x64.Build.0 = Debug|x64
		{5CCDC27E-CD3C-41EE-9124-B8663DF4800F}.Debug|x86.ActiveCfg = Debug|Any CPU
		{5CCDC27E-CD3C-41EE-9124-B8663DF4800F}.Debug|x86.Build.0 = Debug|Any CPU
		{5CCDC27E-CD3C-41EE-9124-B8663DF4800F}.Release|Any CPU.ActiveCfg = Release|Any CPU
		{5CCDC27E-CD3C-41EE-9124-B8663DF4800F}.Release|Any CPU.Build.0 = Release|Any CPU
		{5CCDC27E-CD3C-41EE-9124-B8663DF4800F}.Release|x64.ActiveCfg = Release|x64
		{5CCDC27E-CD3C-41EE-9124-B8663DF4800F}.Release|x64.Build.0 = Release|x64
		{5CCDC27E-CD3C-41EE-9124-B8663DF4800F}.Release|x86.ActiveCfg = Release|Any CPU
		{5CCDC27E-CD3C-41EE-9124-B8663DF4800F}.Release|x86.Build.0 = Release|Any CPU
		{BD3839C6-85B1-4A07-956A-31B200D0B5F8}.Debug|Any CPU.ActiveCfg = Debug|Any CPU
		{BD3839C6-85B1-4A07-956A-31B200D0B5F8}.Debug|Any CPU.Build.0 = Debug|Any CPU
		{BD3839C6-85B1-4A07-956A-31B200D0B5F8}.Debug|x64.ActiveCfg = Debug|x64
		{BD3839C6-85B1-4A07-956A-31B200D0B5F8}.Debug|x64.Build.0 = Debug|x64
		{BD3839C6-85B1-4A07-956A-31B200D0B5F8}.Debug|x86.ActiveCfg = Debug|Any CPU
		{BD3839C6-85B1-4A07-956A-31B200D0B5F8}.Debug|x86.Build.0 = Debug|Any CPU
		{BD3839C6-85B1-4A07-956A-31B200D0B5F8}.Release|Any CPU.ActiveCfg = Release|Any CPU
		{BD3839C6-85B1-4A07-956A-31B200D0B5F8}.Release|Any CPU.Build.0 = Release|Any CPU
		{BD3839C6-85B1-4A07-956A-31B200D0B5F8}.Release|x64.ActiveCfg = Release|x64
		{BD3839C6-85B1-4A07-956A-31B200D0B5F8}.Release|x64.Build.0 = Release|x64
		{BD3839C6-85B1-4A07-956A-31B200D0B5F8}.Release|x86.ActiveCfg = Release|Any CPU
		{BD3839C6-85B1-4A07-956A-31B200D0B5F8}.Release|x86.Build.0 = Release|Any CPU
	EndGlobalSection
	GlobalSection(SolutionProperties) = preSolution
		HideSolutionNode = FALSE
	EndGlobalSection
EndGlobal
